
Microsoft Visual Studio Solution File, Format Version 11.00
# Visual Studio 2010
Project("{FAE04EC0-301F-11D3-BF4B-00C04F79EFBC}") = "Mvc", "Mvc\Mvc.csproj", "{87A0288E-55FC-41A9-A968-BDB2AFB17106}"
EndProject
Project("{FAE04EC0-301F-11D3-BF4B-00C04F79EFBC}") = "MvcApplication", "MvcApplication\MvcApplication.csproj", "{2E09F5F0-87ED-4545-8C01-E26F2CBC6BDD}"
EndProject
Project("{FAE04EC0-301F-11D3-BF4B-00C04F79EFBC}") = "Services", "Services\Services.csproj", "{F93797BD-D537-4B44-B66E-BA539910FD46}"
EndProject
Project("{FAE04EC0-301F-11D3-BF4B-00C04F79EFBC}") = "StructureMapExtensions", "StructureMapExtensions\StructureMapExtensions.csproj", "{929E51AF-B1B2-4070-8383-30996D57F7C8}"
EndProject
Global
	GlobalSection(SolutionConfigurationPlatforms) = preSolution
		Debug|Any CPU = Debug|Any CPU
		Release|Any CPU = Release|Any CPU
	EndGlobalSection
	GlobalSection(ProjectConfigurationPlatforms) = postSolution
		{87A0288E-55FC-41A9-A968-BDB2AFB17106}.Debug|Any CPU.ActiveCfg = Debug|Any CPU
		{87A0288E-55FC-41A9-A968-BDB2AFB17106}.Debug|Any CPU.Build.0 = Debug|Any CPU
		{87A0288E-55FC-41A9-A968-BDB2AFB17106}.Release|Any CPU.ActiveCfg = Release|Any CPU
		{87A0288E-55FC-41A9-A968-BDB2AFB17106}.Release|Any CPU.Build.0 = Release|Any CPU
		{2E09F5F0-87ED-4545-8C01-E26F2CBC6BDD}.Debug|Any CPU.ActiveCfg = Debug|Any CPU
		{2E09F5F0-87ED-4545-8C01-E26F2CBC6BDD}.Debug|Any CPU.Build.0 = Debug|Any CPU
		{2E09F5F0-87ED-4545-8C01-E26F2CBC6BDD}.Release|Any CPU.ActiveCfg = Release|Any CPU
		{2E09F5F0-87ED-4545-8C01-E26F2CBC6BDD}.Release|Any CPU.Build.0 = Release|Any CPU
		{F93797BD-D537-4B44-B66E-BA539910FD46}.Debug|Any CPU.ActiveCfg = Debug|Any CPU
		{F93797BD-D537-4B44-B66E-BA539910FD46}.Debug|Any CPU.Build.0 = Debug|Any CPU
		{F93797BD-D537-4B44-B66E-BA539910FD46}.Release|Any CPU.ActiveCfg = Release|Any CPU
		{F93797BD-D537-4B44-B66E-BA539910FD46}.Release|Any CPU.Build.0 = Release|Any CPU
		{929E51AF-B1B2-4070-8383-30996D57F7C8}.Debug|Any CPU.ActiveCfg = Debug|Any CPU
		{929E51AF-B1B2-4070-8383-30996D57F7C8}.Debug|Any CPU.Build.0 = Debug|Any CPU
		{929E51AF-B1B2-4070-8383-30996D57F7C8}.Release|Any CPU.ActiveCfg = Release|Any CPU
		{929E51AF-B1B2-4070-8383-30996D57F7C8}.Release|Any CPU.Build.0 = Release|Any CPU
	EndGlobalSection
	GlobalSection(SolutionProperties) = preSolution
		HideSolutionNode = FALSE
	EndGlobalSection
EndGlobal
