
Microsoft Visual Studio Solution File, Format Version 11.00
# Visual Studio 2010
Project("{FAE04EC0-301F-11D3-BF4B-00C04F79EFBC}") = "MvcTurbine.FluentValidation", "MvcTurbine.FluentValidation\MvcTurbine.FluentValidation.csproj", "{87BBF249-4430-43C2-924B-09F56DBDA4BA}"
EndProject
Project("{FAE04EC0-301F-11D3-BF4B-00C04F79EFBC}") = "MvcTurbine.FluentValidation.Tests", "MvcTurbine.FluentValidation.Tests\MvcTurbine.FluentValidation.Tests.csproj", "{AE021CE3-F69E-4740-9120-52E5F2E09E45}"
EndProject
Global
	GlobalSection(SolutionConfigurationPlatforms) = preSolution
		Debug|Any CPU = Debug|Any CPU
		Release|Any CPU = Release|Any CPU
	EndGlobalSection
	GlobalSection(ProjectConfigurationPlatforms) = postSolution
		{87BBF249-4430-43C2-924B-09F56DBDA4BA}.Debug|Any CPU.ActiveCfg = Debug|Any CPU
		{87BBF249-4430-43C2-924B-09F56DBDA4BA}.Debug|Any CPU.Build.0 = Debug|Any CPU
		{87BBF249-4430-43C2-924B-09F56DBDA4BA}.Release|Any CPU.ActiveCfg = Release|Any CPU
		{87BBF249-4430-43C2-924B-09F56DBDA4BA}.Release|Any CPU.Build.0 = Release|Any CPU
		{AE021CE3-F69E-4740-9120-52E5F2E09E45}.Debug|Any CPU.ActiveCfg = Debug|Any CPU
		{AE021CE3-F69E-4740-9120-52E5F2E09E45}.Debug|Any CPU.Build.0 = Debug|Any CPU
		{AE021CE3-F69E-4740-9120-52E5F2E09E45}.Release|Any CPU.ActiveCfg = Release|Any CPU
		{AE021CE3-F69E-4740-9120-52E5F2E09E45}.Release|Any CPU.Build.0 = Release|Any CPU
	EndGlobalSection
	GlobalSection(SolutionProperties) = preSolution
		HideSolutionNode = FALSE
	EndGlobalSection
EndGlobal
