
Microsoft Visual Studio Solution File, Format Version 11.00
# Visual Studio 2010
Project("{2150E333-8FDC-42A3-9474-1A3956D46DE8}") = "Service Locators", "Service Locators", "{904F0231-2A6C-4824-ABF3-80F592718DC7}"
EndProject
Project("{2150E333-8FDC-42A3-9474-1A3956D46DE8}") = "Solution Items", "Solution Items", "{73043F17-D60C-4BCE-BE20-6F19F7B2AB54}"
	ProjectSection(SolutionItems) = preProject
		CommonInfo.cs = CommonInfo.cs
	EndProjectSection
EndProject
Project("{FAE04EC0-301F-11D3-BF4B-00C04F79EFBC}") = "MvcTurbine", "MvcTurbine\MvcTurbine.csproj", "{794C0A9F-60EB-4E25-93F2-5D4D59122529}"
EndProject
Project("{FAE04EC0-301F-11D3-BF4B-00C04F79EFBC}") = "MvcTurbine.Windsor", "MvcTurbine.Windsor\MvcTurbine.Windsor.csproj", "{B253145D-A629-4A11-9F24-7FE91FBD05AE}"
EndProject
Project("{FAE04EC0-301F-11D3-BF4B-00C04F79EFBC}") = "MvcTurbine.Unity", "MvcTurbine.Unity\MvcTurbine.Unity.csproj", "{57CCBB78-5A1A-41D6-BBFF-8CE6F0F3B5EF}"
EndProject
Project("{FAE04EC0-301F-11D3-BF4B-00C04F79EFBC}") = "MvcTurbine.StructureMap", "MvcTurbine.StructureMap\MvcTurbine.StructureMap.csproj", "{24E085F7-5E64-4FF0-9769-6B8989EF1CD1}"
EndProject
Project("{FAE04EC0-301F-11D3-BF4B-00C04F79EFBC}") = "MvcTurbine.Web", "MvcTurbine.Web\MvcTurbine.Web.csproj", "{A2634ACF-E549-4861-A36D-A6BEA773BFDB}"
EndProject
Project("{FAE04EC0-301F-11D3-BF4B-00C04F79EFBC}") = "MvcTurbine.Ninject", "MvcTurbine.Ninject\MvcTurbine.Ninject.csproj", "{05F39581-C732-473D-BC3B-75A534569EEF}"
EndProject
Project("{FAE04EC0-301F-11D3-BF4B-00C04F79EFBC}") = "Mvc3Host", "Mvc3Host\Mvc3Host.csproj", "{9CFD047F-C61A-4764-8A88-EB6FA39845C6}"
EndProject
Global
	GlobalSection(SolutionConfigurationPlatforms) = preSolution
		Debug|Any CPU = Debug|Any CPU
		Release|Any CPU = Release|Any CPU
	EndGlobalSection
	GlobalSection(ProjectConfigurationPlatforms) = postSolution
		{794C0A9F-60EB-4E25-93F2-5D4D59122529}.Debug|Any CPU.ActiveCfg = Debug|Any CPU
		{794C0A9F-60EB-4E25-93F2-5D4D59122529}.Debug|Any CPU.Build.0 = Debug|Any CPU
		{794C0A9F-60EB-4E25-93F2-5D4D59122529}.Release|Any CPU.ActiveCfg = Release|Any CPU
		{794C0A9F-60EB-4E25-93F2-5D4D59122529}.Release|Any CPU.Build.0 = Release|Any CPU
		{B253145D-A629-4A11-9F24-7FE91FBD05AE}.Debug|Any CPU.ActiveCfg = Debug|Any CPU
		{B253145D-A629-4A11-9F24-7FE91FBD05AE}.Debug|Any CPU.Build.0 = Debug|Any CPU
		{B253145D-A629-4A11-9F24-7FE91FBD05AE}.Release|Any CPU.ActiveCfg = Release|Any CPU
		{B253145D-A629-4A11-9F24-7FE91FBD05AE}.Release|Any CPU.Build.0 = Release|Any CPU
		{57CCBB78-5A1A-41D6-BBFF-8CE6F0F3B5EF}.Debug|Any CPU.ActiveCfg = Debug|Any CPU
		{57CCBB78-5A1A-41D6-BBFF-8CE6F0F3B5EF}.Debug|Any CPU.Build.0 = Debug|Any CPU
		{57CCBB78-5A1A-41D6-BBFF-8CE6F0F3B5EF}.Release|Any CPU.ActiveCfg = Release|Any CPU
		{57CCBB78-5A1A-41D6-BBFF-8CE6F0F3B5EF}.Release|Any CPU.Build.0 = Release|Any CPU
		{24E085F7-5E64-4FF0-9769-6B8989EF1CD1}.Debug|Any CPU.ActiveCfg = Debug|Any CPU
		{24E085F7-5E64-4FF0-9769-6B8989EF1CD1}.Debug|Any CPU.Build.0 = Debug|Any CPU
		{24E085F7-5E64-4FF0-9769-6B8989EF1CD1}.Release|Any CPU.ActiveCfg = Release|Any CPU
		{24E085F7-5E64-4FF0-9769-6B8989EF1CD1}.Release|Any CPU.Build.0 = Release|Any CPU
		{A2634ACF-E549-4861-A36D-A6BEA773BFDB}.Debug|Any CPU.ActiveCfg = Debug|Any CPU
		{A2634ACF-E549-4861-A36D-A6BEA773BFDB}.Debug|Any CPU.Build.0 = Debug|Any CPU
		{A2634ACF-E549-4861-A36D-A6BEA773BFDB}.Release|Any CPU.ActiveCfg = Release|Any CPU
		{A2634ACF-E549-4861-A36D-A6BEA773BFDB}.Release|Any CPU.Build.0 = Release|Any CPU
		{05F39581-C732-473D-BC3B-75A534569EEF}.Debug|Any CPU.ActiveCfg = Debug|Any CPU
		{05F39581-C732-473D-BC3B-75A534569EEF}.Debug|Any CPU.Build.0 = Debug|Any CPU
		{05F39581-C732-473D-BC3B-75A534569EEF}.Release|Any CPU.ActiveCfg = Release|Any CPU
		{05F39581-C732-473D-BC3B-75A534569EEF}.Release|Any CPU.Build.0 = Release|Any CPU
		{9CFD047F-C61A-4764-8A88-EB6FA39845C6}.Debug|Any CPU.ActiveCfg = Debug|Any CPU
		{9CFD047F-C61A-4764-8A88-EB6FA39845C6}.Debug|Any CPU.Build.0 = Debug|Any CPU
		{9CFD047F-C61A-4764-8A88-EB6FA39845C6}.Release|Any CPU.ActiveCfg = Release|Any CPU
		{9CFD047F-C61A-4764-8A88-EB6FA39845C6}.Release|Any CPU.Build.0 = Release|Any CPU
	EndGlobalSection
	GlobalSection(SolutionProperties) = preSolution
		HideSolutionNode = FALSE
	EndGlobalSection
	GlobalSection(NestedProjects) = preSolution
		{B253145D-A629-4A11-9F24-7FE91FBD05AE} = {904F0231-2A6C-4824-ABF3-80F592718DC7}
		{57CCBB78-5A1A-41D6-BBFF-8CE6F0F3B5EF} = {904F0231-2A6C-4824-ABF3-80F592718DC7}
		{24E085F7-5E64-4FF0-9769-6B8989EF1CD1} = {904F0231-2A6C-4824-ABF3-80F592718DC7}
		{05F39581-C732-473D-BC3B-75A534569EEF} = {904F0231-2A6C-4824-ABF3-80F592718DC7}
	EndGlobalSection
EndGlobal
