
Microsoft Visual Studio Solution File, Format Version 11.00
# Visual Studio 2010
Project("{2150E333-8FDC-42A3-9474-1A3956D46DE8}") = "Core", "Core", "{7C04E093-A092-4110-A146-3047FF8BFD83}"
EndProject
Project("{FAE04EC0-301F-11D3-BF4B-00C04F79EFBC}") = "MvcTurbine", "MvcTurbine\MvcTurbine.csproj", "{794C0A9F-60EB-4E25-93F2-5D4D59122529}"
EndProject
Project("{FAE04EC0-301F-11D3-BF4B-00C04F79EFBC}") = "MvcTurbine.Windsor", "MvcTurbine.Windsor\MvcTurbine.Windsor.csproj", "{B253145D-A629-4A11-9F24-7FE91FBD05AE}"
EndProject
Project("{FAE04EC0-301F-11D3-BF4B-00C04F79EFBC}") = "MvcTurbine.Unity", "MvcTurbine.Unity\MvcTurbine.Unity.csproj", "{57CCBB78-5A1A-41D6-BBFF-8CE6F0F3B5EF}"
EndProject
Project("{FAE04EC0-301F-11D3-BF4B-00C04F79EFBC}") = "MvcTurbine.StructureMap", "MvcTurbine.StructureMap\MvcTurbine.StructureMap.csproj", "{24E085F7-5E64-4FF0-9769-6B8989EF1CD1}"
EndProject
Project("{FAE04EC0-301F-11D3-BF4B-00C04F79EFBC}") = "MvcTurbine.Ninject", "MvcTurbine.Ninject\MvcTurbine.Ninject.csproj", "{05F39581-C732-473D-BC3B-75A534569EEF}"
EndProject
Project("{FAE04EC0-301F-11D3-BF4B-00C04F79EFBC}") = "MvcTurbine.Ninject.Tests", "MvcTurbine.Ninject.Tests\MvcTurbine.Ninject.Tests.csproj", "{7F2290B5-CDD0-4A89-9009-D77126EF492E}"
EndProject
Project("{FAE04EC0-301F-11D3-BF4B-00C04F79EFBC}") = "MvcTurbine.ComponentModel.Tests", "MvcTurbine.ComponentModel.Tests\MvcTurbine.ComponentModel.Tests.csproj", "{2459CB8C-273C-47E1-87F3-493BC5E6C158}"
EndProject
Project("{FAE04EC0-301F-11D3-BF4B-00C04F79EFBC}") = "MvcTurbine.StructureMap.Tests", "MvcTurbine.StructureMap.Tests\MvcTurbine.StructureMap.Tests.csproj", "{0340B949-571F-4B34-9E15-71DE335F13C9}"
EndProject
Project("{FAE04EC0-301F-11D3-BF4B-00C04F79EFBC}") = "MvcTurbine.Unity.Tests", "MvcTurbine.Unity.Tests\MvcTurbine.Unity.Tests.csproj", "{F3E56A82-532F-4B5A-885F-A3126E36C925}"
EndProject
Project("{FAE04EC0-301F-11D3-BF4B-00C04F79EFBC}") = "MvcTurbine.Windsor.Tests", "MvcTurbine.Windsor.Tests\MvcTurbine.Windsor.Tests.csproj", "{BFFC3FDB-6687-496B-B3AC-99B7F0CF2C76}"
EndProject
Project("{FAE04EC0-301F-11D3-BF4B-00C04F79EFBC}") = "MvcTurbine.Autofac", "MvcTurbine.Autofac\MvcTurbine.Autofac.csproj", "{5898FB54-4474-42DE-B605-6E68B06C0DFE}"
EndProject
Project("{FAE04EC0-301F-11D3-BF4B-00C04F79EFBC}") = "MvcTurbine.Autofac.Tests", "MvcTurbine.Autofac.Tests\MvcTurbine.Autofac.Tests.csproj", "{B7A6BA63-5246-4FC6-83DF-498FA828FDEE}"
EndProject
Global
	GlobalSection(SolutionConfigurationPlatforms) = preSolution
		Debug|Any CPU = Debug|Any CPU
		Release|Any CPU = Release|Any CPU
	EndGlobalSection
	GlobalSection(ProjectConfigurationPlatforms) = postSolution
		{794C0A9F-60EB-4E25-93F2-5D4D59122529}.Debug|Any CPU.ActiveCfg = Debug|Any CPU
		{794C0A9F-60EB-4E25-93F2-5D4D59122529}.Debug|Any CPU.Build.0 = Debug|Any CPU
		{794C0A9F-60EB-4E25-93F2-5D4D59122529}.Release|Any CPU.ActiveCfg = Release|Any CPU
		{794C0A9F-60EB-4E25-93F2-5D4D59122529}.Release|Any CPU.Build.0 = Release|Any CPU
		{B253145D-A629-4A11-9F24-7FE91FBD05AE}.Debug|Any CPU.ActiveCfg = Debug|Any CPU
		{B253145D-A629-4A11-9F24-7FE91FBD05AE}.Debug|Any CPU.Build.0 = Debug|Any CPU
		{B253145D-A629-4A11-9F24-7FE91FBD05AE}.Release|Any CPU.ActiveCfg = Release|Any CPU
		{B253145D-A629-4A11-9F24-7FE91FBD05AE}.Release|Any CPU.Build.0 = Release|Any CPU
		{57CCBB78-5A1A-41D6-BBFF-8CE6F0F3B5EF}.Debug|Any CPU.ActiveCfg = Debug|Any CPU
		{57CCBB78-5A1A-41D6-BBFF-8CE6F0F3B5EF}.Debug|Any CPU.Build.0 = Debug|Any CPU
		{57CCBB78-5A1A-41D6-BBFF-8CE6F0F3B5EF}.Release|Any CPU.ActiveCfg = Release|Any CPU
		{57CCBB78-5A1A-41D6-BBFF-8CE6F0F3B5EF}.Release|Any CPU.Build.0 = Release|Any CPU
		{24E085F7-5E64-4FF0-9769-6B8989EF1CD1}.Debug|Any CPU.ActiveCfg = Debug|Any CPU
		{24E085F7-5E64-4FF0-9769-6B8989EF1CD1}.Debug|Any CPU.Build.0 = Debug|Any CPU
		{24E085F7-5E64-4FF0-9769-6B8989EF1CD1}.Release|Any CPU.ActiveCfg = Release|Any CPU
		{24E085F7-5E64-4FF0-9769-6B8989EF1CD1}.Release|Any CPU.Build.0 = Release|Any CPU
		{05F39581-C732-473D-BC3B-75A534569EEF}.Debug|Any CPU.ActiveCfg = Debug|Any CPU
		{05F39581-C732-473D-BC3B-75A534569EEF}.Debug|Any CPU.Build.0 = Debug|Any CPU
		{05F39581-C732-473D-BC3B-75A534569EEF}.Release|Any CPU.ActiveCfg = Release|Any CPU
		{05F39581-C732-473D-BC3B-75A534569EEF}.Release|Any CPU.Build.0 = Release|Any CPU
		{7F2290B5-CDD0-4A89-9009-D77126EF492E}.Debug|Any CPU.ActiveCfg = Debug|Any CPU
		{7F2290B5-CDD0-4A89-9009-D77126EF492E}.Debug|Any CPU.Build.0 = Debug|Any CPU
		{7F2290B5-CDD0-4A89-9009-D77126EF492E}.Release|Any CPU.ActiveCfg = Release|Any CPU
		{7F2290B5-CDD0-4A89-9009-D77126EF492E}.Release|Any CPU.Build.0 = Release|Any CPU
		{2459CB8C-273C-47E1-87F3-493BC5E6C158}.Debug|Any CPU.ActiveCfg = Debug|Any CPU
		{2459CB8C-273C-47E1-87F3-493BC5E6C158}.Debug|Any CPU.Build.0 = Debug|Any CPU
		{2459CB8C-273C-47E1-87F3-493BC5E6C158}.Release|Any CPU.ActiveCfg = Release|Any CPU
		{2459CB8C-273C-47E1-87F3-493BC5E6C158}.Release|Any CPU.Build.0 = Release|Any CPU
		{0340B949-571F-4B34-9E15-71DE335F13C9}.Debug|Any CPU.ActiveCfg = Debug|Any CPU
		{0340B949-571F-4B34-9E15-71DE335F13C9}.Debug|Any CPU.Build.0 = Debug|Any CPU
		{0340B949-571F-4B34-9E15-71DE335F13C9}.Release|Any CPU.ActiveCfg = Release|Any CPU
		{0340B949-571F-4B34-9E15-71DE335F13C9}.Release|Any CPU.Build.0 = Release|Any CPU
		{F3E56A82-532F-4B5A-885F-A3126E36C925}.Debug|Any CPU.ActiveCfg = Debug|Any CPU
		{F3E56A82-532F-4B5A-885F-A3126E36C925}.Debug|Any CPU.Build.0 = Debug|Any CPU
		{F3E56A82-532F-4B5A-885F-A3126E36C925}.Release|Any CPU.ActiveCfg = Release|Any CPU
		{F3E56A82-532F-4B5A-885F-A3126E36C925}.Release|Any CPU.Build.0 = Release|Any CPU
		{BFFC3FDB-6687-496B-B3AC-99B7F0CF2C76}.Debug|Any CPU.ActiveCfg = Debug|Any CPU
		{BFFC3FDB-6687-496B-B3AC-99B7F0CF2C76}.Debug|Any CPU.Build.0 = Debug|Any CPU
		{BFFC3FDB-6687-496B-B3AC-99B7F0CF2C76}.Release|Any CPU.ActiveCfg = Release|Any CPU
		{BFFC3FDB-6687-496B-B3AC-99B7F0CF2C76}.Release|Any CPU.Build.0 = Release|Any CPU
		{5898FB54-4474-42DE-B605-6E68B06C0DFE}.Debug|Any CPU.ActiveCfg = Debug|Any CPU
		{5898FB54-4474-42DE-B605-6E68B06C0DFE}.Debug|Any CPU.Build.0 = Debug|Any CPU
		{5898FB54-4474-42DE-B605-6E68B06C0DFE}.Release|Any CPU.ActiveCfg = Release|Any CPU
		{5898FB54-4474-42DE-B605-6E68B06C0DFE}.Release|Any CPU.Build.0 = Release|Any CPU
		{B7A6BA63-5246-4FC6-83DF-498FA828FDEE}.Debug|Any CPU.ActiveCfg = Debug|Any CPU
		{B7A6BA63-5246-4FC6-83DF-498FA828FDEE}.Debug|Any CPU.Build.0 = Debug|Any CPU
		{B7A6BA63-5246-4FC6-83DF-498FA828FDEE}.Release|Any CPU.ActiveCfg = Release|Any CPU
		{B7A6BA63-5246-4FC6-83DF-498FA828FDEE}.Release|Any CPU.Build.0 = Release|Any CPU
	EndGlobalSection
	GlobalSection(SolutionProperties) = preSolution
		HideSolutionNode = FALSE
	EndGlobalSection
	GlobalSection(NestedProjects) = preSolution
		{794C0A9F-60EB-4E25-93F2-5D4D59122529} = {7C04E093-A092-4110-A146-3047FF8BFD83}
		{B253145D-A629-4A11-9F24-7FE91FBD05AE} = {7C04E093-A092-4110-A146-3047FF8BFD83}
		{57CCBB78-5A1A-41D6-BBFF-8CE6F0F3B5EF} = {7C04E093-A092-4110-A146-3047FF8BFD83}
		{24E085F7-5E64-4FF0-9769-6B8989EF1CD1} = {7C04E093-A092-4110-A146-3047FF8BFD83}
		{05F39581-C732-473D-BC3B-75A534569EEF} = {7C04E093-A092-4110-A146-3047FF8BFD83}
		{5898FB54-4474-42DE-B605-6E68B06C0DFE} = {7C04E093-A092-4110-A146-3047FF8BFD83}
	EndGlobalSection
EndGlobal
