
Microsoft Visual Studio Solution File, Format Version 10.00
# Visual Studio 2008
Project("{FAE04EC0-301F-11D3-BF4B-00C04F79EFBC}") = "MvcApplication", "MvcApplication\MvcApplication.csproj", "{D80BCFB1-17CC-4FC1-8AE4-ECB8D5B6B3F3}"
EndProject
Project("{FAE04EC0-301F-11D3-BF4B-00C04F79EFBC}") = "MvcTurbine.Unity", "..\..\..\Engine\MvcTurbine.Unity\MvcTurbine.Unity.csproj", "{57CCBB78-5A1A-41D6-BBFF-8CE6F0F3B5EF}"
EndProject
Project("{FAE04EC0-301F-11D3-BF4B-00C04F79EFBC}") = "MvcTurbine", "..\..\..\Engine\MvcTurbine\MvcTurbine.csproj", "{794C0A9F-60EB-4E25-93F2-5D4D59122529}"
EndProject
Project("{FAE04EC0-301F-11D3-BF4B-00C04F79EFBC}") = "MvcTurbine.Web", "..\..\..\Engine\MvcTurbine.Web\MvcTurbine.Web.csproj", "{A2634ACF-E549-4861-A36D-A6BEA773BFDB}"
EndProject
Global
	GlobalSection(SolutionConfigurationPlatforms) = preSolution
		Debug|Any CPU = Debug|Any CPU
		Release|Any CPU = Release|Any CPU
	EndGlobalSection
	GlobalSection(ProjectConfigurationPlatforms) = postSolution
		{D80BCFB1-17CC-4FC1-8AE4-ECB8D5B6B3F3}.Debug|Any CPU.ActiveCfg = Debug|Any CPU
		{D80BCFB1-17CC-4FC1-8AE4-ECB8D5B6B3F3}.Debug|Any CPU.Build.0 = Debug|Any CPU
		{D80BCFB1-17CC-4FC1-8AE4-ECB8D5B6B3F3}.Release|Any CPU.ActiveCfg = Release|Any CPU
		{D80BCFB1-17CC-4FC1-8AE4-ECB8D5B6B3F3}.Release|Any CPU.Build.0 = Release|Any CPU
		{57CCBB78-5A1A-41D6-BBFF-8CE6F0F3B5EF}.Debug|Any CPU.ActiveCfg = Debug|Any CPU
		{57CCBB78-5A1A-41D6-BBFF-8CE6F0F3B5EF}.Debug|Any CPU.Build.0 = Debug|Any CPU
		{57CCBB78-5A1A-41D6-BBFF-8CE6F0F3B5EF}.Release|Any CPU.ActiveCfg = Release|Any CPU
		{57CCBB78-5A1A-41D6-BBFF-8CE6F0F3B5EF}.Release|Any CPU.Build.0 = Release|Any CPU
		{794C0A9F-60EB-4E25-93F2-5D4D59122529}.Debug|Any CPU.ActiveCfg = Debug|Any CPU
		{794C0A9F-60EB-4E25-93F2-5D4D59122529}.Debug|Any CPU.Build.0 = Debug|Any CPU
		{794C0A9F-60EB-4E25-93F2-5D4D59122529}.Release|Any CPU.ActiveCfg = Release|Any CPU
		{794C0A9F-60EB-4E25-93F2-5D4D59122529}.Release|Any CPU.Build.0 = Release|Any CPU
		{A2634ACF-E549-4861-A36D-A6BEA773BFDB}.Debug|Any CPU.ActiveCfg = Debug|Any CPU
		{A2634ACF-E549-4861-A36D-A6BEA773BFDB}.Debug|Any CPU.Build.0 = Debug|Any CPU
		{A2634ACF-E549-4861-A36D-A6BEA773BFDB}.Release|Any CPU.ActiveCfg = Release|Any CPU
		{A2634ACF-E549-4861-A36D-A6BEA773BFDB}.Release|Any CPU.Build.0 = Release|Any CPU
	EndGlobalSection
	GlobalSection(SolutionProperties) = preSolution
		HideSolutionNode = FALSE
	EndGlobalSection
	GlobalSection(MonoDevelopProperties) = preSolution
		StartupItem = MvcApplication.csproj
	EndGlobalSection
EndGlobal
